// !$*UTF8*$!
{
	archiveVersion = 1;
	classes = {
	};
	objectVersion = 50;
	objects = {

/* Begin PBXBuildFile section */
		1845160F246BE4F70063D7BB /* AppDelegate.swift in Sources */ = {isa = PBXBuildFile; fileRef = 1845160E246BE4F70063D7BB /* AppDelegate.swift */; };
		18451611246BE4F70063D7BB /* LoginViewController.swift in Sources */ = {isa = PBXBuildFile; fileRef = 18451610246BE4F70063D7BB /* LoginViewController.swift */; };
		18451614246BE4F70063D7BB /* Main.storyboard in Resources */ = {isa = PBXBuildFile; fileRef = 18451612246BE4F70063D7BB /* Main.storyboard */; };
		18451616246BE4FB0063D7BB /* Assets.xcassets in Resources */ = {isa = PBXBuildFile; fileRef = 18451615246BE4FB0063D7BB /* Assets.xcassets */; };
		18451619246BE4FB0063D7BB /* LaunchScreen.storyboard in Resources */ = {isa = PBXBuildFile; fileRef = 18451617246BE4FB0063D7BB /* LaunchScreen.storyboard */; };
		18451621246BE5F60063D7BB /* HotelsViewController.swift in Sources */ = {isa = PBXBuildFile; fileRef = 18451620246BE5F60063D7BB /* HotelsViewController.swift */; };
		18451623246BEA390063D7BB /* HotelResponse.swift in Sources */ = {isa = PBXBuildFile; fileRef = 18451622246BEA390063D7BB /* HotelResponse.swift */; };
		18451627246C17450063D7BB /* HotelsJson.json in Resources */ = {isa = PBXBuildFile; fileRef = 18451626246C17450063D7BB /* HotelsJson.json */; };
		186D3D1E246C4730004546B4 /* ResturantTableViewCell.swift in Sources */ = {isa = PBXBuildFile; fileRef = 186D3D1D246C4730004546B4 /* ResturantTableViewCell.swift */; };
/* End PBXBuildFile section */

/* Begin PBXFileReference section */
		1845160B246BE4F70063D7BB /* Test.app */ = {isa = PBXFileReference; explicitFileType = wrapper.application; includeInIndex = 0; path = Test.app; sourceTree = BUILT_PRODUCTS_DIR; };
		1845160E246BE4F70063D7BB /* AppDelegate.swift */ = {isa = PBXFileReference; lastKnownFileType = sourcecode.swift; path = AppDelegate.swift; sourceTree = "<group>"; };
		18451610246BE4F70063D7BB /* LoginViewController.swift */ = {isa = PBXFileReference; lastKnownFileType = sourcecode.swift; path = LoginViewController.swift; sourceTree = "<group>"; };
		18451613246BE4F70063D7BB /* Base */ = {isa = PBXFileReference; lastKnownFileType = file.storyboard; name = Base; path = Base.lproj/Main.storyboard; sourceTree = "<group>"; };
		18451615246BE4FB0063D7BB /* Assets.xcassets */ = {isa = PBXFileReference; lastKnownFileType = folder.assetcatalog; path = Assets.xcassets; sourceTree = "<group>"; };
		18451618246BE4FB0063D7BB /* Base */ = {isa = PBXFileReference; lastKnownFileType = file.storyboard; name = Base; path = Base.lproj/LaunchScreen.storyboard; sourceTree = "<group>"; };
		1845161A246BE4FB0063D7BB /* Info.plist */ = {isa = PBXFileReference; lastKnownFileType = text.plist.xml; path = Info.plist; sourceTree = "<group>"; };
		18451620246BE5F60063D7BB /* HotelsViewController.swift */ = {isa = PBXFileReference; lastKnownFileType = sourcecode.swift; path = HotelsViewController.swift; sourceTree = "<group>"; };
		18451622246BEA390063D7BB /* HotelResponse.swift */ = {isa = PBXFileReference; lastKnownFileType = sourcecode.swift; path = HotelResponse.swift; sourceTree = "<group>"; };
		18451626246C17450063D7BB /* HotelsJson.json */ = {isa = PBXFileReference; lastKnownFileType = text.json; path = HotelsJson.json; sourceTree = "<group>"; };
		186D3D1D246C4730004546B4 /* ResturantTableViewCell.swift */ = {isa = PBXFileReference; lastKnownFileType = sourcecode.swift; path = ResturantTableViewCell.swift; sourceTree = "<group>"; };
/* End PBXFileReference section */

/* Begin PBXFrameworksBuildPhase section */
		18451608246BE4F70063D7BB /* Frameworks */ = {
			isa = PBXFrameworksBuildPhase;
			buildActionMask = 2147483647;
			files = (
			);
			runOnlyForDeploymentPostprocessing = 0;
		};
/* End PBXFrameworksBuildPhase section */

/* Begin PBXGroup section */
		18451602246BE4F70063D7BB = {
			isa = PBXGroup;
			children = (
				1845160D246BE4F70063D7BB /* Test */,
				1845160C246BE4F70063D7BB /* Products */,
			);
			sourceTree = "<group>";
		};
		1845160C246BE4F70063D7BB /* Products */ = {
			isa = PBXGroup;
			children = (
				1845160B246BE4F70063D7BB /* Test.app */,
			);
			name = Products;
			sourceTree = "<group>";
		};
		1845160D246BE4F70063D7BB /* Test */ = {
			isa = PBXGroup;
			children = (
				1845160E246BE4F70063D7BB /* AppDelegate.swift */,
				18451610246BE4F70063D7BB /* LoginViewController.swift */,
				18451612246BE4F70063D7BB /* Main.storyboard */,
				18451620246BE5F60063D7BB /* HotelsViewController.swift */,
				18451615246BE4FB0063D7BB /* Assets.xcassets */,
				18451617246BE4FB0063D7BB /* LaunchScreen.storyboard */,
				1845161A246BE4FB0063D7BB /* Info.plist */,
				18451622246BEA390063D7BB /* HotelResponse.swift */,
				18451626246C17450063D7BB /* HotelsJson.json */,
				186D3D1D246C4730004546B4 /* ResturantTableViewCell.swift */,
			);
			path = Test;
			sourceTree = "<group>";
		};
/* End PBXGroup section */

/* Begin PBXNativeTarget section */
		1845160A246BE4F70063D7BB /* Test */ = {
			isa = PBXNativeTarget;
			buildConfigurationList = 1845161D246BE4FB0063D7BB /* Build configuration list for PBXNativeTarget "Test" */;
			buildPhases = (
				18451607246BE4F70063D7BB /* Sources */,
				18451608246BE4F70063D7BB /* Frameworks */,
				18451609246BE4F70063D7BB /* Resources */,
			);
			buildRules = (
			);
			dependencies = (
			);
			name = Test;
			productName = Test;
			productReference = 1845160B246BE4F70063D7BB /* Test.app */;
			productType = "com.apple.product-type.application";
		};
/* End PBXNativeTarget section */

/* Begin PBXProject section */
		18451603246BE4F70063D7BB /* Project object */ = {
			isa = PBXProject;
			attributes = {
				LastSwiftUpdateCheck = 1020;
				LastUpgradeCheck = 1020;
				ORGANIZATIONNAME = apple;
				TargetAttributes = {
					1845160A246BE4F70063D7BB = {
						CreatedOnToolsVersion = 10.2.1;
					};
				};
			};
			buildConfigurationList = 18451606246BE4F70063D7BB /* Build configuration list for PBXProject "Test" */;
			compatibilityVersion = "Xcode 9.3";
			developmentRegion = en;
			hasScannedForEncodings = 0;
			knownRegions = (
				en,
				Base,
			);
			mainGroup = 18451602246BE4F70063D7BB;
			productRefGroup = 1845160C246BE4F70063D7BB /* Products */;
			projectDirPath = "";
			projectRoot = "";
			targets = (
				1845160A246BE4F70063D7BB /* Test */,
			);
		};
/* End PBXProject section */

/* Begin PBXResourcesBuildPhase section */
		18451609246BE4F70063D7BB /* Resources */ = {
			isa = PBXResourcesBuildPhase;
			buildActionMask = 2147483647;
			files = (
				18451627246C17450063D7BB /* HotelsJson.json in Resources */,
				18451619246BE4FB0063D7BB /* LaunchScreen.storyboard in Resources */,
				18451616246BE4FB0063D7BB /* Assets.xcassets in Resources */,
				18451614246BE4F70063D7BB /* Main.storyboard in Resources */,
			);
			runOnlyForDeploymentPostprocessing = 0;
		};
/* End PBXResourcesBuildPhase section */

/* Begin PBXSourcesBuildPhase section */
		18451607246BE4F70063D7BB /* Sources */ = {
			isa = PBXSourcesBuildPhase;
			buildActionMask = 2147483647;
			files = (
				18451621246BE5F60063D7BB /* HotelsViewController.swift in Sources */,
				18451623246BEA390063D7BB /* HotelResponse.swift in Sources */,
				18451611246BE4F70063D7BB /* LoginViewController.swift in Sources */,
				186D3D1E246C4730004546B4 /* ResturantTableViewCell.swift in Sources */,
				1845160F246BE4F70063D7BB /* AppDelegate.swift in Sources */,
			);
			runOnlyForDeploymentPostprocessing = 0;
		};
/* End PBXSourcesBuildPhase section */

/* Begin PBXVariantGroup section */
		18451612246BE4F70063D7BB /* Main.storyboard */ = {
			isa = PBXVariantGroup;
			children = (
				18451613246BE4F70063D7BB /* Base */,
			);
			name = Main.storyboard;
			sourceTree = "<group>";
		};
		18451617246BE4FB0063D7BB /* LaunchScreen.storyboard */ = {
			isa = PBXVariantGroup;
			children = (
				18451618246BE4FB0063D7BB /* Base */,
			);
			name = LaunchScreen.storyboard;
			sourceTree = "<group>";
		};
/* End PBXVariantGroup section */

/* Begin XCBuildConfiguration section */
		1845161B246BE4FB0063D7BB /* Debug */ = {
			isa = XCBuildConfiguration;
			buildSettings = {
				ALWAYS_SEARCH_USER_PATHS = NO;
				CLANG_ANALYZER_NONNULL = YES;
				CLANG_ANALYZER_NUMBER_OBJECT_CONVERSION = YES_AGGRESSIVE;
				CLANG_CXX_LANGUAGE_STANDARD = "gnu++14";
				CLANG_CXX_LIBRARY = "libc++";
				CLANG_ENABLE_MODULES = YES;
				CLANG_ENABLE_OBJC_ARC = YES;
				CLANG_ENABLE_OBJC_WEAK = YES;
				CLANG_WARN_BLOCK_CAPTURE_AUTORELEASING = YES;
				CLANG_WARN_BOOL_CONVERSION = YES;
				CLANG_WARN_COMMA = YES;
				CLANG_WARN_CONSTANT_CONVERSION = YES;
				CLANG_WARN_DEPRECATED_OBJC_IMPLEMENTATIONS = YES;
				CLANG_WARN_DIRECT_OBJC_ISA_USAGE = YES_ERROR;
				CLANG_WARN_DOCUMENTATION_COMMENTS = YES;
				CLANG_WARN_EMPTY_BODY = YES;
				CLANG_WARN_ENUM_CONVERSION = YES;
				CLANG_WARN_INFINITE_RECURSION = YES;
				CLANG_WARN_INT_CONVERSION = YES;
				CLANG_WARN_NON_LITERAL_NULL_CONVERSION = YES;
				CLANG_WARN_OBJC_IMPLICIT_RETAIN_SELF = YES;
				CLANG_WARN_OBJC_LITERAL_CONVERSION = YES;
				CLANG_WARN_OBJC_ROOT_CLASS = YES_ERROR;
				CLANG_WARN_RANGE_LOOP_ANALYSIS = YES;
				CLANG_WARN_STRICT_PROTOTYPES = YES;
				CLANG_WARN_SUSPICIOUS_MOVE = YES;
				CLANG_WARN_UNGUARDED_AVAILABILITY = YES_AGGRESSIVE;
				CLANG_WARN_UNREACHABLE_CODE = YES;
				CLANG_WARN__DUPLICATE_METHOD_MATCH = YES;
				CODE_SIGN_IDENTITY = "iPhone Developer";
				COPY_PHASE_STRIP = NO;
				DEBUG_INFORMATION_FORMAT = dwarf;
				ENABLE_STRICT_OBJC_MSGSEND = YES;
				ENABLE_TESTABILITY = YES;
				GCC_C_LANGUAGE_STANDARD = gnu11;
				GCC_DYNAMIC_NO_PIC = NO;
				GCC_NO_COMMON_BLOCKS = YES;
				GCC_OPTIMIZATION_LEVEL = 0;
				GCC_PREPROCESSOR_DEFINITIONS = (
					"DEBUG=1",
					"$(inherited)",
				);
				GCC_WARN_64_TO_32_BIT_CONVERSION = YES;
				GCC_WARN_ABOUT_RETURN_TYPE = YES_ERROR;
				GCC_WARN_UNDECLARED_SELECTOR = YES;
				GCC_WARN_UNINITIALIZED_AUTOS = YES_AGGRESSIVE;
				GCC_WARN_UNUSED_FUNCTION = YES;
				GCC_WARN_UNUSED_VARIABLE = YES;
				IPHONEOS_DEPLOYMENT_TARGET = 12.2;
				MTL_ENABLE_DEBUG_INFO = INCLUDE_SOURCE;
				MTL_FAST_MATH = YES;
				ONLY_ACTIVE_ARCH = YES;
				SDKROOT = iphoneos;
				SWIFT_ACTIVE_COMPILATION_CONDITIONS = DEBUG;
				SWIFT_OPTIMIZATION_LEVEL = "-Onone";
			};
			name = Debug;
		};
		1845161C246BE4FB0063D7BB /* Release */ = {
			isa = XCBuildConfiguration;
			buildSettings = {
				ALWAYS_SEARCH_USER_PATHS = NO;
				CLANG_ANALYZER_NONNULL = YES;
				CLANG_ANALYZER_NUMBER_OBJECT_CONVERSION = YES_AGGRESSIVE;
				CLANG_CXX_LANGUAGE_STANDARD = "gnu++14";
				CLANG_CXX_LIBRARY = "libc++";
				CLANG_ENABLE_MODULES = YES;
				CLANG_ENABLE_OBJC_ARC = YES;
				CLANG_ENABLE_OBJC_WEAK = YES;
				CLANG_WARN_BLOCK_CAPTURE_AUTORELEASING = YES;
				CLANG_WARN_BOOL_CONVERSION = YES;
				CLANG_WARN_COMMA = YES;
				CLANG_WARN_CONSTANT_CONVERSION = YES;
				CLANG_WARN_DEPRECATED_OBJC_IMPLEMENTATIONS = YES;
				CLANG_WARN_DIRECT_OBJC_ISA_USAGE = YES_ERROR;
				CLANG_WARN_DOCUMENTATION_COMMENTS = YES;
				CLANG_WARN_EMPTY_BODY = YES;
				CLANG_WARN_ENUM_CONVERSION = YES;
				CLANG_WARN_INFINITE_RECURSION = YES;
				CLANG_WARN_INT_CONVERSION = YES;
				CLANG_WARN_NON_LITERAL_NULL_CONVERSION = YES;
				CLANG_WARN_OBJC_IMPLICIT_RETAIN_SELF = YES;
				CLANG_WARN_OBJC_LITERAL_CONVERSION = YES;
				CLANG_WARN_OBJC_ROOT_CLASS = YES_ERROR;
				CLANG_WARN_RANGE_LOOP_ANALYSIS = YES;
				CLANG_WARN_STRICT_PROTOTYPES = YES;
				CLANG_WARN_SUSPICIOUS_MOVE = YES;
				CLANG_WARN_UNGUARDED_AVAILABILITY = YES_AGGRESSIVE;
				CLANG_WARN_UNREACHABLE_CODE = YES;
				CLANG_WARN__DUPLICATE_METHOD_MATCH = YES;
				CODE_SIGN_IDENTITY = "iPhone Developer";
				COPY_PHASE_STRIP = NO;
				DEBUG_INFORMATION_FORMAT = "dwarf-with-dsym";
				ENABLE_NS_ASSERTIONS = NO;
				ENABLE_STRICT_OBJC_MSGSEND = YES;
				GCC_C_LANGUAGE_STANDARD = gnu11;
				GCC_NO_COMMON_BLOCKS = YES;
				GCC_WARN_64_TO_32_BIT_CONVERSION = YES;
				GCC_WARN_ABOUT_RETURN_TYPE = YES_ERROR;
				GCC_WARN_UNDECLARED_SELECTOR = YES;
				GCC_WARN_UNINITIALIZED_AUTOS = YES_AGGRESSIVE;
				GCC_WARN_UNUSED_FUNCTION = YES;
				GCC_WARN_UNUSED_VARIABLE = YES;
				IPHONEOS_DEPLOYMENT_TARGET = 12.2;
				MTL_ENABLE_DEBUG_INFO = NO;
				MTL_FAST_MATH = YES;
				SDKROOT = iphoneos;
				SWIFT_COMPILATION_MODE = wholemodule;
				SWIFT_OPTIMIZATION_LEVEL = "-O";
				VALIDATE_PRODUCT = YES;
			};
			name = Release;
		};
		1845161E246BE4FB0063D7BB /* Debug */ = {
			isa = XCBuildConfiguration;
			buildSettings = {
				ASSETCATALOG_COMPILER_APPICON_NAME = AppIcon;
				CODE_SIGN_STYLE = Automatic;
				INFOPLIST_FILE = Test/Info.plist;
				LD_RUNPATH_SEARCH_PATHS = (
					"$(inherited)",
					"@executable_path/Frameworks",
				);
				PRODUCT_BUNDLE_IDENTIFIER = com.vt.swiftProject.Test;
				PRODUCT_NAME = "$(TARGET_NAME)";
				SWIFT_VERSION = 5.0;
				TARGETED_DEVICE_FAMILY = "1,2";
			};
			name = Debug;
		};
		1845161F246BE4FB0063D7BB /* Release */ = {
			isa = XCBuildConfiguration;
			buildSettings = {
				ASSETCATALOG_COMPILER_APPICON_NAME = AppIcon;
				CODE_SIGN_STYLE = Automatic;
				INFOPLIST_FILE = Test/Info.plist;
				LD_RUNPATH_SEARCH_PATHS = (
					"$(inherited)",
					"@executable_path/Frameworks",
				);
				PRODUCT_BUNDLE_IDENTIFIER = com.vt.swiftProject.Test;
				PRODUCT_NAME = "$(TARGET_NAME)";
				SWIFT_VERSION = 5.0;
				TARGETED_DEVICE_FAMILY = "1,2";
			};
			name = Release;
		};
/* End XCBuildConfiguration section */

/* Begin XCConfigurationList section */
		18451606246BE4F70063D7BB /* Build configuration list for PBXProject "Test" */ = {
			isa = XCConfigurationList;
			buildConfigurations = (
				1845161B246BE4FB0063D7BB /* Debug */,
				1845161C246BE4FB0063D7BB /* Release */,
			);
			defaultConfigurationIsVisible = 0;
			defaultConfigurationName = Release;
		};
		1845161D246BE4FB0063D7BB /* Build configuration list for PBXNativeTarget "Test" */ = {
			isa = XCConfigurationList;
			buildConfigurations = (
				1845161E246BE4FB0063D7BB /* Debug */,
				1845161F246BE4FB0063D7BB /* Release */,
			);
			defaultConfigurationIsVisible = 0;
			defaultConfigurationName = Release;
		};
/* End XCConfigurationList section */
	};
	rootObject = 18451603246BE4F70063D7BB /* Project object */;
}
